
Microsoft Visual Studio Solution File, Format Version 12.00
# Visual Studio Version 17
VisualStudioVersion = 17.7.34003.232
MinimumVisualStudioVersion = 10.0.40219.1
Project("{9A19103F-16F7-4668-BE54-9A1E7A4F7556}") = "HizTesti", "HizTesti\HizTesti.csproj", "{B61FDA56-1886-4A30-AFBC-452E7F075CCC}"
EndProject
Project("{9A19103F-16F7-4668-BE54-9A1E7A4F7556}") = "EntityLayer", "EntityLayer\EntityLayer.csproj", "{CA9E1BA3-619A-4DEC-8856-FF5EA85C1061}"
EndProject
Project("{9A19103F-16F7-4668-BE54-9A1E7A4F7556}") = "DataAccessLayer", "DataAccessLayer\DataAccessLayer.csproj", "{8B59FC85-33A6-4FD6-9333-7213D4D06039}"
EndProject
Project("{9A19103F-16F7-4668-BE54-9A1E7A4F7556}") = "BusinessLayer", "BusinessLayer\BusinessLayer.csproj", "{30BDE1A1-E438-4F64-9B53-A9FABF83A4A7}"
EndProject
Global
	GlobalSection(SolutionConfigurationPlatforms) = preSolution
		Debug|Any CPU = Debug|Any CPU
		Release|Any CPU = Release|Any CPU
	EndGlobalSection
	GlobalSection(ProjectConfigurationPlatforms) = postSolution
		{B61FDA56-1886-4A30-AFBC-452E7F075CCC}.Debug|Any CPU.ActiveCfg = Debug|Any CPU
		{B61FDA56-1886-4A30-AFBC-452E7F075CCC}.Debug|Any CPU.Build.0 = Debug|Any CPU
		{B61FDA56-1886-4A30-AFBC-452E7F075CCC}.Release|Any CPU.ActiveCfg = Release|Any CPU
		{B61FDA56-1886-4A30-AFBC-452E7F075CCC}.Release|Any CPU.Build.0 = Release|Any CPU
		{CA9E1BA3-619A-4DEC-8856-FF5EA85C1061}.Debug|Any CPU.ActiveCfg = Debug|Any CPU
		{CA9E1BA3-619A-4DEC-8856-FF5EA85C1061}.Debug|Any CPU.Build.0 = Debug|Any CPU
		{CA9E1BA3-619A-4DEC-8856-FF5EA85C1061}.Release|Any CPU.ActiveCfg = Release|Any CPU
		{CA9E1BA3-619A-4DEC-8856-FF5EA85C1061}.Release|Any CPU.Build.0 = Release|Any CPU
		{8B59FC85-33A6-4FD6-9333-7213D4D06039}.Debug|Any CPU.ActiveCfg = Debug|Any CPU
		{8B59FC85-33A6-4FD6-9333-7213D4D06039}.Debug|Any CPU.Build.0 = Debug|Any CPU
		{8B59FC85-33A6-4FD6-9333-7213D4D06039}.Release|Any CPU.ActiveCfg = Release|Any CPU
		{8B59FC85-33A6-4FD6-9333-7213D4D06039}.Release|Any CPU.Build.0 = Release|Any CPU
		{30BDE1A1-E438-4F64-9B53-A9FABF83A4A7}.Debug|Any CPU.ActiveCfg = Debug|Any CPU
		{30BDE1A1-E438-4F64-9B53-A9FABF83A4A7}.Debug|Any CPU.Build.0 = Debug|Any CPU
		{30BDE1A1-E438-4F64-9B53-A9FABF83A4A7}.Release|Any CPU.ActiveCfg = Release|Any CPU
		{30BDE1A1-E438-4F64-9B53-A9FABF83A4A7}.Release|Any CPU.Build.0 = Release|Any CPU
	EndGlobalSection
	GlobalSection(SolutionProperties) = preSolution
		HideSolutionNode = FALSE
	EndGlobalSection
	GlobalSection(ExtensibilityGlobals) = postSolution
		SolutionGuid = {380D87C2-8D2C-4DF4-92A5-D083455267E0}
	EndGlobalSection
EndGlobal
